
Microsoft Visual Studio Solution File, Format Version 12.00
# Visual Studio Version 16
VisualStudioVersion = 16.0.29709.97
MinimumVisualStudioVersion = 10.0.40219.1
Project("{8BC9CEB8-8B4A-11D0-8D11-00A0C91BC942}") = "texteditor", "texteditor\texteditor.vcxproj", "{7B241D2E-1CB8-47D7-B0DF-0899A32E6141}"
EndProject
Global
	GlobalSection(SolutionConfigurationPlatforms) = preSolution
		Debug|x64 = Debug|x64
		Debug|x86 = Debug|x86
		Release|x64 = Release|x64
		Release|x86 = Release|x86
	EndGlobalSection
	GlobalSection(ProjectConfigurationPlatforms) = postSolution
		{7B241D2E-1CB8-47D7-B0DF-0899A32E6141}.Debug|x64.ActiveCfg = Debug|x64
		{7B241D2E-1CB8-47D7-B0DF-0899A32E6141}.Debug|x64.Build.0 = Debug|x64
		{7B241D2E-1CB8-47D7-B0DF-0899A32E6141}.Debug|x86.ActiveCfg = Debug|Win32
		{7B241D2E-1CB8-47D7-B0DF-0899A32E6141}.Debug|x86.Build.0 = Debug|Win32
		{7B241D2E-1CB8-47D7-B0DF-0899A32E6141}.Release|x64.ActiveCfg = Release|x64
		{7B241D2E-1CB8-47D7-B0DF-0899A32E6141}.Release|x64.Build.0 = Release|x64
		{7B241D2E-1CB8-47D7-B0DF-0899A32E6141}.Release|x86.ActiveCfg = Release|Win32
		{7B241D2E-1CB8-47D7-B0DF-0899A32E6141}.Release|x86.Build.0 = Release|Win32
	EndGlobalSection
	GlobalSection(SolutionProperties) = preSolution
		HideSolutionNode = FALSE
	EndGlobalSection
	GlobalSection(ExtensibilityGlobals) = postSolution
		SolutionGuid = {E67A2931-E519-477E-B182-5E5A217994C8}
	EndGlobalSection
EndGlobal
